
Microsoft Visual Studio Solution File, Format Version 12.00
# Visual Studio Version 16
VisualStudioVersion = 16.0.31729.503
MinimumVisualStudioVersion = 10.0.40219.1
Project("{FAE04EC0-301F-11D3-BF4B-00C04F79EFBC}") = "MyList", "MyList\MyList.csproj", "{72C3045C-22A0-43D5-BC37-69FF4B1255C5}"
EndProject
Global
	GlobalSection(SolutionConfigurationPlatforms) = preSolution
		Debug|Any CPU = Debug|Any CPU
		Release|Any CPU = Release|Any CPU
	EndGlobalSection
	GlobalSection(ProjectConfigurationPlatforms) = postSolution
		{72C3045C-22A0-43D5-BC37-69FF4B1255C5}.Debug|Any CPU.ActiveCfg = Debug|Any CPU
		{72C3045C-22A0-43D5-BC37-69FF4B1255C5}.Debug|Any CPU.Build.0 = Debug|Any CPU
		{72C3045C-22A0-43D5-BC37-69FF4B1255C5}.Release|Any CPU.ActiveCfg = Release|Any CPU
		{72C3045C-22A0-43D5-BC37-69FF4B1255C5}.Release|Any CPU.Build.0 = Release|Any CPU
	EndGlobalSection
	GlobalSection(SolutionProperties) = preSolution
		HideSolutionNode = FALSE
	EndGlobalSection
	GlobalSection(ExtensibilityGlobals) = postSolution
		SolutionGuid = {17A255D9-EBE0-43B2-B71A-70C4B8D738D7}
	EndGlobalSection
EndGlobal
